// !$*UTF8*$!
{
	archiveVersion = 1;
	classes = {
	};
	objectVersion = 50;
	objects = {

/* Begin PBXBuildFile section */
		546CCCC522F94C7A00BD5F42 /* main.m in Sources */ = {isa = PBXBuildFile; fileRef = 546CCCC422F94C7A00BD5F42 /* main.m */; };
		546CCCD022F94F2D00BD5F42 /* NSArray+Map.m in Sources */ = {isa = PBXBuildFile; fileRef = 546CCCCD22F94F2D00BD5F42 /* NSArray+Map.m */; };
		546CCCD122F94F2D00BD5F42 /* NSDictionary+Map.m in Sources */ = {isa = PBXBuildFile; fileRef = 546CCCCF22F94F2D00BD5F42 /* NSDictionary+Map.m */; };
		546CCCDF22F94FE400BD5F42 /* NSArray+MapTests.m in Sources */ = {isa = PBXBuildFile; fileRef = 546CCCDE22F94FE400BD5F42 /* NSArray+MapTests.m */; };
		546CCCE022F992B300BD5F42 /* NSArray+Map.m in Sources */ = {isa = PBXBuildFile; fileRef = 546CCCCD22F94F2D00BD5F42 /* NSArray+Map.m */; };
		546CCCE122F992BA00BD5F42 /* NSDictionary+Map.m in Sources */ = {isa = PBXBuildFile; fileRef = 546CCCCF22F94F2D00BD5F42 /* NSDictionary+Map.m */; };
		546CCCE322FAE48500BD5F42 /* NSDictionory+MapTests.m in Sources */ = {isa = PBXBuildFile; fileRef = 546CCCE222FAE48500BD5F42 /* NSDictionory+MapTests.m */; };
/* End PBXBuildFile section */

/* Begin PBXCopyFilesBuildPhase section */
		546CCCBF22F94C7A00BD5F42 /* CopyFiles */ = {
			isa = PBXCopyFilesBuildPhase;
			buildActionMask = 2147483647;
			dstPath = /usr/share/man/man1/;
			dstSubfolderSpec = 0;
			files = (
			);
			runOnlyForDeploymentPostprocessing = 1;
		};
/* End PBXCopyFilesBuildPhase section */

/* Begin PBXFileReference section */
		546CCCC122F94C7A00BD5F42 /* FoundationExtension */ = {isa = PBXFileReference; explicitFileType = "compiled.mach-o.executable"; includeInIndex = 0; path = FoundationExtension; sourceTree = BUILT_PRODUCTS_DIR; };
		546CCCC422F94C7A00BD5F42 /* main.m */ = {isa = PBXFileReference; lastKnownFileType = sourcecode.c.objc; path = main.m; sourceTree = "<group>"; };
		546CCCCC22F94F2D00BD5F42 /* NSArray+Map.h */ = {isa = PBXFileReference; fileEncoding = 4; lastKnownFileType = sourcecode.c.h; path = "NSArray+Map.h"; sourceTree = "<group>"; };
		546CCCCD22F94F2D00BD5F42 /* NSArray+Map.m */ = {isa = PBXFileReference; fileEncoding = 4; lastKnownFileType = sourcecode.c.objc; path = "NSArray+Map.m"; sourceTree = "<group>"; };
		546CCCCE22F94F2D00BD5F42 /* NSDictionary+Map.h */ = {isa = PBXFileReference; fileEncoding = 4; lastKnownFileType = sourcecode.c.h; path = "NSDictionary+Map.h"; sourceTree = "<group>"; };
		546CCCCF22F94F2D00BD5F42 /* NSDictionary+Map.m */ = {isa = PBXFileReference; fileEncoding = 4; lastKnownFileType = sourcecode.c.objc; path = "NSDictionary+Map.m"; sourceTree = "<group>"; };
		546CCCD622F94F6F00BD5F42 /* Tests.xctest */ = {isa = PBXFileReference; explicitFileType = wrapper.cfbundle; includeInIndex = 0; path = Tests.xctest; sourceTree = BUILT_PRODUCTS_DIR; };
		546CCCDA22F94F6F00BD5F42 /* Info.plist */ = {isa = PBXFileReference; lastKnownFileType = text.plist.xml; path = Info.plist; sourceTree = "<group>"; };
		546CCCDE22F94FE400BD5F42 /* NSArray+MapTests.m */ = {isa = PBXFileReference; lastKnownFileType = sourcecode.c.objc; path = "NSArray+MapTests.m"; sourceTree = "<group>"; };
		546CCCE222FAE48500BD5F42 /* NSDictionory+MapTests.m */ = {isa = PBXFileReference; lastKnownFileType = sourcecode.c.objc; path = "NSDictionory+MapTests.m"; sourceTree = "<group>"; };
/* End PBXFileReference section */

/* Begin PBXFrameworksBuildPhase section */
		546CCCBE22F94C7A00BD5F42 /* Frameworks */ = {
			isa = PBXFrameworksBuildPhase;
			buildActionMask = 2147483647;
			files = (
			);
			runOnlyForDeploymentPostprocessing = 0;
		};
		546CCCD322F94F6F00BD5F42 /* Frameworks */ = {
			isa = PBXFrameworksBuildPhase;
			buildActionMask = 2147483647;
			files = (
			);
			runOnlyForDeploymentPostprocessing = 0;
		};
/* End PBXFrameworksBuildPhase section */

/* Begin PBXGroup section */
		546CCCB822F94C7A00BD5F42 = {
			isa = PBXGroup;
			children = (
				546CCCC322F94C7A00BD5F42 /* FoundationExtension */,
				546CCCD722F94F6F00BD5F42 /* Tests */,
				546CCCC222F94C7A00BD5F42 /* Products */,
			);
			sourceTree = "<group>";
		};
		546CCCC222F94C7A00BD5F42 /* Products */ = {
			isa = PBXGroup;
			children = (
				546CCCC122F94C7A00BD5F42 /* FoundationExtension */,
				546CCCD622F94F6F00BD5F42 /* Tests.xctest */,
			);
			name = Products;
			sourceTree = "<group>";
		};
		546CCCC322F94C7A00BD5F42 /* FoundationExtension */ = {
			isa = PBXGroup;
			children = (
				546CCCCB22F94DED00BD5F42 /* core */,
				546CCCC422F94C7A00BD5F42 /* main.m */,
			);
			path = FoundationExtension;
			sourceTree = "<group>";
		};
		546CCCCB22F94DED00BD5F42 /* core */ = {
			isa = PBXGroup;
			children = (
				546CCCCC22F94F2D00BD5F42 /* NSArray+Map.h */,
				546CCCCD22F94F2D00BD5F42 /* NSArray+Map.m */,
				546CCCCE22F94F2D00BD5F42 /* NSDictionary+Map.h */,
				546CCCCF22F94F2D00BD5F42 /* NSDictionary+Map.m */,
			);
			path = core;
			sourceTree = "<group>";
		};
		546CCCD722F94F6F00BD5F42 /* Tests */ = {
			isa = PBXGroup;
			children = (
				546CCCDA22F94F6F00BD5F42 /* Info.plist */,
				546CCCDE22F94FE400BD5F42 /* NSArray+MapTests.m */,
				546CCCE222FAE48500BD5F42 /* NSDictionory+MapTests.m */,
			);
			path = Tests;
			sourceTree = "<group>";
		};
/* End PBXGroup section */

/* Begin PBXNativeTarget section */
		546CCCC022F94C7A00BD5F42 /* FoundationExtension */ = {
			isa = PBXNativeTarget;
			buildConfigurationList = 546CCCC822F94C7A00BD5F42 /* Build configuration list for PBXNativeTarget "FoundationExtension" */;
			buildPhases = (
				546CCCBD22F94C7A00BD5F42 /* Sources */,
				546CCCBE22F94C7A00BD5F42 /* Frameworks */,
				546CCCBF22F94C7A00BD5F42 /* CopyFiles */,
			);
			buildRules = (
			);
			dependencies = (
			);
			name = FoundationExtension;
			productName = FoundationExtension;
			productReference = 546CCCC122F94C7A00BD5F42 /* FoundationExtension */;
			productType = "com.apple.product-type.tool";
		};
		546CCCD522F94F6F00BD5F42 /* Tests */ = {
			isa = PBXNativeTarget;
			buildConfigurationList = 546CCCDB22F94F6F00BD5F42 /* Build configuration list for PBXNativeTarget "Tests" */;
			buildPhases = (
				546CCCD222F94F6F00BD5F42 /* Sources */,
				546CCCD322F94F6F00BD5F42 /* Frameworks */,
				546CCCD422F94F6F00BD5F42 /* Resources */,
			);
			buildRules = (
			);
			dependencies = (
			);
			name = Tests;
			productName = Tests;
			productReference = 546CCCD622F94F6F00BD5F42 /* Tests.xctest */;
			productType = "com.apple.product-type.bundle.unit-test";
		};
/* End PBXNativeTarget section */

/* Begin PBXProject section */
		546CCCB922F94C7A00BD5F42 /* Project object */ = {
			isa = PBXProject;
			attributes = {
				LastUpgradeCheck = 1020;
				ORGANIZATIONNAME = shaolie;
				TargetAttributes = {
					546CCCC022F94C7A00BD5F42 = {
						CreatedOnToolsVersion = 10.2.1;
					};
					546CCCD522F94F6F00BD5F42 = {
						CreatedOnToolsVersion = 10.2.1;
					};
				};
			};
			buildConfigurationList = 546CCCBC22F94C7A00BD5F42 /* Build configuration list for PBXProject "FoundationExtension" */;
			compatibilityVersion = "Xcode 9.3";
			developmentRegion = en;
			hasScannedForEncodings = 0;
			knownRegions = (
				en,
			);
			mainGroup = 546CCCB822F94C7A00BD5F42;
			productRefGroup = 546CCCC222F94C7A00BD5F42 /* Products */;
			projectDirPath = "";
			projectRoot = "";
			targets = (
				546CCCC022F94C7A00BD5F42 /* FoundationExtension */,
				546CCCD522F94F6F00BD5F42 /* Tests */,
			);
		};
/* End PBXProject section */

/* Begin PBXResourcesBuildPhase section */
		546CCCD422F94F6F00BD5F42 /* Resources */ = {
			isa = PBXResourcesBuildPhase;
			buildActionMask = 2147483647;
			files = (
			);
			runOnlyForDeploymentPostprocessing = 0;
		};
/* End PBXResourcesBuildPhase section */

/* Begin PBXSourcesBuildPhase section */
		546CCCBD22F94C7A00BD5F42 /* Sources */ = {
			isa = PBXSourcesBuildPhase;
			buildActionMask = 2147483647;
			files = (
				546CCCC522F94C7A00BD5F42 /* main.m in Sources */,
				546CCCD122F94F2D00BD5F42 /* NSDictionary+Map.m in Sources */,
				546CCCD022F94F2D00BD5F42 /* NSArray+Map.m in Sources */,
			);
			runOnlyForDeploymentPostprocessing = 0;
		};
		546CCCD222F94F6F00BD5F42 /* Sources */ = {
			isa = PBXSourcesBuildPhase;
			buildActionMask = 2147483647;
			files = (
				546CCCE022F992B300BD5F42 /* NSArray+Map.m in Sources */,
				546CCCE122F992BA00BD5F42 /* NSDictionary+Map.m in Sources */,
				546CCCDF22F94FE400BD5F42 /* NSArray+MapTests.m in Sources */,
				546CCCE322FAE48500BD5F42 /* NSDictionory+MapTests.m in Sources */,
			);
			runOnlyForDeploymentPostprocessing = 0;
		};
/* End PBXSourcesBuildPhase section */

/* Begin XCBuildConfiguration section */
		546CCCC622F94C7A00BD5F42 /* Debug */ = {
			isa = XCBuildConfiguration;
			buildSettings = {
				ALWAYS_SEARCH_USER_PATHS = NO;
				CLANG_ANALYZER_NONNULL = YES;
				CLANG_ANALYZER_NUMBER_OBJECT_CONVERSION = YES_AGGRESSIVE;
				CLANG_CXX_LANGUAGE_STANDARD = "gnu++14";
				CLANG_CXX_LIBRARY = "libc++";
				CLANG_ENABLE_MODULES = YES;
				CLANG_ENABLE_OBJC_ARC = YES;
				CLANG_ENABLE_OBJC_WEAK = YES;
				CLANG_WARN_BLOCK_CAPTURE_AUTORELEASING = YES;
				CLANG_WARN_BOOL_CONVERSION = YES;
				CLANG_WARN_COMMA = YES;
				CLANG_WARN_CONSTANT_CONVERSION = YES;
				CLANG_WARN_DEPRECATED_OBJC_IMPLEMENTATIONS = YES;
				CLANG_WARN_DIRECT_OBJC_ISA_USAGE = YES_ERROR;
				CLANG_WARN_DOCUMENTATION_COMMENTS = YES;
				CLANG_WARN_EMPTY_BODY = YES;
				CLANG_WARN_ENUM_CONVERSION = YES;
				CLANG_WARN_INFINITE_RECURSION = YES;
				CLANG_WARN_INT_CONVERSION = YES;
				CLANG_WARN_NON_LITERAL_NULL_CONVERSION = YES;
				CLANG_WARN_OBJC_IMPLICIT_RETAIN_SELF = YES;
				CLANG_WARN_OBJC_LITERAL_CONVERSION = YES;
				CLANG_WARN_OBJC_ROOT_CLASS = YES_ERROR;
				CLANG_WARN_RANGE_LOOP_ANALYSIS = YES;
				CLANG_WARN_STRICT_PROTOTYPES = YES;
				CLANG_WARN_SUSPICIOUS_MOVE = YES;
				CLANG_WARN_UNGUARDED_AVAILABILITY = YES_AGGRESSIVE;
				CLANG_WARN_UNREACHABLE_CODE = YES;
				CLANG_WARN__DUPLICATE_METHOD_MATCH = YES;
				CODE_SIGN_IDENTITY = "-";
				COPY_PHASE_STRIP = NO;
				DEBUG_INFORMATION_FORMAT = dwarf;
				ENABLE_STRICT_OBJC_MSGSEND = YES;
				ENABLE_TESTABILITY = YES;
				GCC_C_LANGUAGE_STANDARD = gnu11;
				GCC_DYNAMIC_NO_PIC = NO;
				GCC_NO_COMMON_BLOCKS = YES;
				GCC_OPTIMIZATION_LEVEL = 0;
				GCC_PREPROCESSOR_DEFINITIONS = (
					"DEBUG=1",
					"$(inherited)",
				);
				GCC_WARN_64_TO_32_BIT_CONVERSION = YES;
				GCC_WARN_ABOUT_RETURN_TYPE = YES_ERROR;
				GCC_WARN_UNDECLARED_SELECTOR = YES;
				GCC_WARN_UNINITIALIZED_AUTOS = YES_AGGRESSIVE;
				GCC_WARN_UNUSED_FUNCTION = YES;
				GCC_WARN_UNUSED_VARIABLE = YES;
				MACOSX_DEPLOYMENT_TARGET = 10.14;
				MTL_ENABLE_DEBUG_INFO = INCLUDE_SOURCE;
				MTL_FAST_MATH = YES;
				ONLY_ACTIVE_ARCH = YES;
				SDKROOT = macosx;
			};
			name = Debug;
		};
		546CCCC722F94C7A00BD5F42 /* Release */ = {
			isa = XCBuildConfiguration;
			buildSettings = {
				ALWAYS_SEARCH_USER_PATHS = NO;
				CLANG_ANALYZER_NONNULL = YES;
				CLANG_ANALYZER_NUMBER_OBJECT_CONVERSION = YES_AGGRESSIVE;
				CLANG_CXX_LANGUAGE_STANDARD = "gnu++14";
				CLANG_CXX_LIBRARY = "libc++";
				CLANG_ENABLE_MODULES = YES;
				CLANG_ENABLE_OBJC_ARC = YES;
				CLANG_ENABLE_OBJC_WEAK = YES;
				CLANG_WARN_BLOCK_CAPTURE_AUTORELEASING = YES;
				CLANG_WARN_BOOL_CONVERSION = YES;
				CLANG_WARN_COMMA = YES;
				CLANG_WARN_CONSTANT_CONVERSION = YES;
				CLANG_WARN_DEPRECATED_OBJC_IMPLEMENTATIONS = YES;
				CLANG_WARN_DIRECT_OBJC_ISA_USAGE = YES_ERROR;
				CLANG_WARN_DOCUMENTATION_COMMENTS = YES;
				CLANG_WARN_EMPTY_BODY = YES;
				CLANG_WARN_ENUM_CONVERSION = YES;
				CLANG_WARN_INFINITE_RECURSION = YES;
				CLANG_WARN_INT_CONVERSION = YES;
				CLANG_WARN_NON_LITERAL_NULL_CONVERSION = YES;
				CLANG_WARN_OBJC_IMPLICIT_RETAIN_SELF = YES;
				CLANG_WARN_OBJC_LITERAL_CONVERSION = YES;
				CLANG_WARN_OBJC_ROOT_CLASS = YES_ERROR;
				CLANG_WARN_RANGE_LOOP_ANALYSIS = YES;
				CLANG_WARN_STRICT_PROTOTYPES = YES;
				CLANG_WARN_SUSPICIOUS_MOVE = YES;
				CLANG_WARN_UNGUARDED_AVAILABILITY = YES_AGGRESSIVE;
				CLANG_WARN_UNREACHABLE_CODE = YES;
				CLANG_WARN__DUPLICATE_METHOD_MATCH = YES;
				CODE_SIGN_IDENTITY = "-";
				COPY_PHASE_STRIP = NO;
				DEBUG_INFORMATION_FORMAT = "dwarf-with-dsym";
				ENABLE_NS_ASSERTIONS = NO;
				ENABLE_STRICT_OBJC_MSGSEND = YES;
				GCC_C_LANGUAGE_STANDARD = gnu11;
				GCC_NO_COMMON_BLOCKS = YES;
				GCC_WARN_64_TO_32_BIT_CONVERSION = YES;
				GCC_WARN_ABOUT_RETURN_TYPE = YES_ERROR;
				GCC_WARN_UNDECLARED_SELECTOR = YES;
				GCC_WARN_UNINITIALIZED_AUTOS = YES_AGGRESSIVE;
				GCC_WARN_UNUSED_FUNCTION = YES;
				GCC_WARN_UNUSED_VARIABLE = YES;
				MACOSX_DEPLOYMENT_TARGET = 10.14;
				MTL_ENABLE_DEBUG_INFO = NO;
				MTL_FAST_MATH = YES;
				SDKROOT = macosx;
			};
			name = Release;
		};
		546CCCC922F94C7A00BD5F42 /* Debug */ = {
			isa = XCBuildConfiguration;
			buildSettings = {
				CODE_SIGN_STYLE = Automatic;
				GCC_GENERATE_TEST_COVERAGE_FILES = NO;
				PRODUCT_NAME = "$(TARGET_NAME)";
			};
			name = Debug;
		};
		546CCCCA22F94C7A00BD5F42 /* Release */ = {
			isa = XCBuildConfiguration;
			buildSettings = {
				CODE_SIGN_STYLE = Automatic;
				GCC_GENERATE_TEST_COVERAGE_FILES = NO;
				PRODUCT_NAME = "$(TARGET_NAME)";
			};
			name = Release;
		};
		546CCCDC22F94F6F00BD5F42 /* Debug */ = {
			isa = XCBuildConfiguration;
			buildSettings = {
				CODE_SIGN_STYLE = Automatic;
				COMBINE_HIDPI_IMAGES = YES;
				GCC_GENERATE_TEST_COVERAGE_FILES = YES;
				GCC_INSTRUMENT_PROGRAM_FLOW_ARCS = YES;
				INFOPLIST_FILE = Tests/Info.plist;
				LD_RUNPATH_SEARCH_PATHS = (
					"$(inherited)",
					"@executable_path/../Frameworks",
					"@loader_path/../Frameworks",
				);
				PRODUCT_BUNDLE_IDENTIFIER = shaolie.lin.Tests;
				PRODUCT_NAME = "$(TARGET_NAME)";
			};
			name = Debug;
		};
		546CCCDD22F94F6F00BD5F42 /* Release */ = {
			isa = XCBuildConfiguration;
			buildSettings = {
				CODE_SIGN_STYLE = Automatic;
				COMBINE_HIDPI_IMAGES = YES;
				GCC_GENERATE_TEST_COVERAGE_FILES = YES;
				GCC_INSTRUMENT_PROGRAM_FLOW_ARCS = YES;
				INFOPLIST_FILE = Tests/Info.plist;
				LD_RUNPATH_SEARCH_PATHS = (
					"$(inherited)",
					"@executable_path/../Frameworks",
					"@loader_path/../Frameworks",
				);
				PRODUCT_BUNDLE_IDENTIFIER = shaolie.lin.Tests;
				PRODUCT_NAME = "$(TARGET_NAME)";
			};
			name = Release;
		};
/* End XCBuildConfiguration section */

/* Begin XCConfigurationList section */
		546CCCBC22F94C7A00BD5F42 /* Build configuration list for PBXProject "FoundationExtension" */ = {
			isa = XCConfigurationList;
			buildConfigurations = (
				546CCCC622F94C7A00BD5F42 /* Debug */,
				546CCCC722F94C7A00BD5F42 /* Release */,
			);
			defaultConfigurationIsVisible = 0;
			defaultConfigurationName = Release;
		};
		546CCCC822F94C7A00BD5F42 /* Build configuration list for PBXNativeTarget "FoundationExtension" */ = {
			isa = XCConfigurationList;
			buildConfigurations = (
				546CCCC922F94C7A00BD5F42 /* Debug */,
				546CCCCA22F94C7A00BD5F42 /* Release */,
			);
			defaultConfigurationIsVisible = 0;
			defaultConfigurationName = Release;
		};
		546CCCDB22F94F6F00BD5F42 /* Build configuration list for PBXNativeTarget "Tests" */ = {
			isa = XCConfigurationList;
			buildConfigurations = (
				546CCCDC22F94F6F00BD5F42 /* Debug */,
				546CCCDD22F94F6F00BD5F42 /* Release */,
			);
			defaultConfigurationIsVisible = 0;
			defaultConfigurationName = Release;
		};
/* End XCConfigurationList section */
	};
	rootObject = 546CCCB922F94C7A00BD5F42 /* Project object */;
}
